// !$*UTF8*$!
{
	archiveVersion = 1;
	classes = {
	};
	objectVersion = 46;
	objects = {

/* Begin PBXBuildFile section */
		2FDB3E3B1F77DF13006FFCA8 /* main.m in Sources */ = {isa = PBXBuildFile; fileRef = 2FDB3E3A1F77DF13006FFCA8 /* main.m */; };
		2FDB3E3E1F77DF13006FFCA8 /* AppDelegate.m in Sources */ = {isa = PBXBuildFile; fileRef = 2FDB3E3D1F77DF13006FFCA8 /* AppDelegate.m */; };
		2FDB3E411F77DF13006FFCA8 /* ViewController.m in Sources */ = {isa = PBXBuildFile; fileRef = 2FDB3E401F77DF13006FFCA8 /* ViewController.m */; };
		2FDB3E441F77DF13006FFCA8 /* Main.storyboard in Resources */ = {isa = PBXBuildFile; fileRef = 2FDB3E421F77DF13006FFCA8 /* Main.storyboard */; };
		2FDB3E461F77DF13006FFCA8 /* Assets.xcassets in Resources */ = {isa = PBXBuildFile; fileRef = 2FDB3E451F77DF13006FFCA8 /* Assets.xcassets */; };
		2FDB3E491F77DF13006FFCA8 /* LaunchScreen.storyboard in Resources */ = {isa = PBXBuildFile; fileRef = 2FDB3E471F77DF13006FFCA8 /* LaunchScreen.storyboard */; };
		2FDB3E551F77DF2B006FFCA8 /* GHPwdField.m in Sources */ = {isa = PBXBuildFile; fileRef = 2FDB3E521F77DF2B006FFCA8 /* GHPwdField.m */; };
		2FDB3E561F77DF2B006FFCA8 /* UIImage+pwdField.m in Sources */ = {isa = PBXBuildFile; fileRef = 2FDB3E541F77DF2B006FFCA8 /* UIImage+pwdField.m */; };
		2FDB3E591F77DFC7006FFCA8 /* UIView+Extension.m in Sources */ = {isa = PBXBuildFile; fileRef = 2FDB3E581F77DFC7006FFCA8 /* UIView+Extension.m */; };
/* End PBXBuildFile section */

/* Begin PBXFileReference section */
		2FDB3E361F77DF13006FFCA8 /* YRPwdField.app */ = {isa = PBXFileReference; explicitFileType = wrapper.application; includeInIndex = 0; path = YRPwdField.app; sourceTree = BUILT_PRODUCTS_DIR; };
		2FDB3E3A1F77DF13006FFCA8 /* main.m */ = {isa = PBXFileReference; lastKnownFileType = sourcecode.c.objc; path = main.m; sourceTree = "<group>"; };
		2FDB3E3C1F77DF13006FFCA8 /* AppDelegate.h */ = {isa = PBXFileReference; lastKnownFileType = sourcecode.c.h; path = AppDelegate.h; sourceTree = "<group>"; };
		2FDB3E3D1F77DF13006FFCA8 /* AppDelegate.m */ = {isa = PBXFileReference; lastKnownFileType = sourcecode.c.objc; path = AppDelegate.m; sourceTree = "<group>"; };
		2FDB3E3F1F77DF13006FFCA8 /* ViewController.h */ = {isa = PBXFileReference; lastKnownFileType = sourcecode.c.h; path = ViewController.h; sourceTree = "<group>"; };
		2FDB3E401F77DF13006FFCA8 /* ViewController.m */ = {isa = PBXFileReference; lastKnownFileType = sourcecode.c.objc; path = ViewController.m; sourceTree = "<group>"; };
		2FDB3E431F77DF13006FFCA8 /* Base */ = {isa = PBXFileReference; lastKnownFileType = file.storyboard; name = Base; path = Base.lproj/Main.storyboard; sourceTree = "<group>"; };
		2FDB3E451F77DF13006FFCA8 /* Assets.xcassets */ = {isa = PBXFileReference; lastKnownFileType = folder.assetcatalog; path = Assets.xcassets; sourceTree = "<group>"; };
		2FDB3E481F77DF13006FFCA8 /* Base */ = {isa = PBXFileReference; lastKnownFileType = file.storyboard; name = Base; path = Base.lproj/LaunchScreen.storyboard; sourceTree = "<group>"; };
		2FDB3E4A1F77DF13006FFCA8 /* Info.plist */ = {isa = PBXFileReference; lastKnownFileType = text.plist.xml; path = Info.plist; sourceTree = "<group>"; };
		2FDB3E511F77DF2B006FFCA8 /* GHPwdField.h */ = {isa = PBXFileReference; fileEncoding = 4; lastKnownFileType = sourcecode.c.h; path = GHPwdField.h; sourceTree = "<group>"; };
		2FDB3E521F77DF2B006FFCA8 /* GHPwdField.m */ = {isa = PBXFileReference; fileEncoding = 4; lastKnownFileType = sourcecode.c.objc; path = GHPwdField.m; sourceTree = "<group>"; };
		2FDB3E531F77DF2B006FFCA8 /* UIImage+pwdField.h */ = {isa = PBXFileReference; fileEncoding = 4; lastKnownFileType = sourcecode.c.h; path = "UIImage+pwdField.h"; sourceTree = "<group>"; };
		2FDB3E541F77DF2B006FFCA8 /* UIImage+pwdField.m */ = {isa = PBXFileReference; fileEncoding = 4; lastKnownFileType = sourcecode.c.objc; path = "UIImage+pwdField.m"; sourceTree = "<group>"; };
		2FDB3E571F77DFC7006FFCA8 /* UIView+Extension.h */ = {isa = PBXFileReference; fileEncoding = 4; lastKnownFileType = sourcecode.c.h; path = "UIView+Extension.h"; sourceTree = "<group>"; };
		2FDB3E581F77DFC7006FFCA8 /* UIView+Extension.m */ = {isa = PBXFileReference; fileEncoding = 4; lastKnownFileType = sourcecode.c.objc; path = "UIView+Extension.m"; sourceTree = "<group>"; };
/* End PBXFileReference section */

/* Begin PBXFrameworksBuildPhase section */
		2FDB3E331F77DF13006FFCA8 /* Frameworks */ = {
			isa = PBXFrameworksBuildPhase;
			buildActionMask = 2147483647;
			files = (
			);
			runOnlyForDeploymentPostprocessing = 0;
		};
/* End PBXFrameworksBuildPhase section */

/* Begin PBXGroup section */
		2FDB3E2D1F77DF13006FFCA8 = {
			isa = PBXGroup;
			children = (
				2FDB3E381F77DF13006FFCA8 /* YRPwdField */,
				2FDB3E371F77DF13006FFCA8 /* Products */,
			);
			sourceTree = "<group>";
		};
		2FDB3E371F77DF13006FFCA8 /* Products */ = {
			isa = PBXGroup;
			children = (
				2FDB3E361F77DF13006FFCA8 /* YRPwdField.app */,
			);
			name = Products;
			sourceTree = "<group>";
		};
		2FDB3E381F77DF13006FFCA8 /* YRPwdField */ = {
			isa = PBXGroup;
			children = (
				2FDB3E3C1F77DF13006FFCA8 /* AppDelegate.h */,
				2FDB3E3D1F77DF13006FFCA8 /* AppDelegate.m */,
				2FDB3E3F1F77DF13006FFCA8 /* ViewController.h */,
				2FDB3E401F77DF13006FFCA8 /* ViewController.m */,
				2FDB3E571F77DFC7006FFCA8 /* UIView+Extension.h */,
				2FDB3E581F77DFC7006FFCA8 /* UIView+Extension.m */,
				2FDB3E501F77DF2B006FFCA8 /* pwdfield */,
				2FDB3E421F77DF13006FFCA8 /* Main.storyboard */,
				2FDB3E451F77DF13006FFCA8 /* Assets.xcassets */,
				2FDB3E471F77DF13006FFCA8 /* LaunchScreen.storyboard */,
				2FDB3E4A1F77DF13006FFCA8 /* Info.plist */,
				2FDB3E391F77DF13006FFCA8 /* Supporting Files */,
			);
			path = YRPwdField;
			sourceTree = "<group>";
		};
		2FDB3E391F77DF13006FFCA8 /* Supporting Files */ = {
			isa = PBXGroup;
			children = (
				2FDB3E3A1F77DF13006FFCA8 /* main.m */,
			);
			name = "Supporting Files";
			sourceTree = "<group>";
		};
		2FDB3E501F77DF2B006FFCA8 /* pwdfield */ = {
			isa = PBXGroup;
			children = (
				2FDB3E511F77DF2B006FFCA8 /* GHPwdField.h */,
				2FDB3E521F77DF2B006FFCA8 /* GHPwdField.m */,
				2FDB3E531F77DF2B006FFCA8 /* UIImage+pwdField.h */,
				2FDB3E541F77DF2B006FFCA8 /* UIImage+pwdField.m */,
			);
			path = pwdfield;
			sourceTree = "<group>";
		};
/* End PBXGroup section */

/* Begin PBXNativeTarget section */
		2FDB3E351F77DF13006FFCA8 /* YRPwdField */ = {
			isa = PBXNativeTarget;
			buildConfigurationList = 2FDB3E4D1F77DF13006FFCA8 /* Build configuration list for PBXNativeTarget "YRPwdField" */;
			buildPhases = (
				2FDB3E321F77DF13006FFCA8 /* Sources */,
				2FDB3E331F77DF13006FFCA8 /* Frameworks */,
				2FDB3E341F77DF13006FFCA8 /* Resources */,
			);
			buildRules = (
			);
			dependencies = (
			);
			name = YRPwdField;
			productName = YRPwdField;
			productReference = 2FDB3E361F77DF13006FFCA8 /* YRPwdField.app */;
			productType = "com.apple.product-type.application";
		};
/* End PBXNativeTarget section */

/* Begin PBXProject section */
		2FDB3E2E1F77DF13006FFCA8 /* Project object */ = {
			isa = PBXProject;
			attributes = {
				LastUpgradeCheck = 0830;
				ORGANIZATIONNAME = yangrui;
				TargetAttributes = {
					2FDB3E351F77DF13006FFCA8 = {
						CreatedOnToolsVersion = 8.3.2;
						ProvisioningStyle = Automatic;
					};
				};
			};
			buildConfigurationList = 2FDB3E311F77DF13006FFCA8 /* Build configuration list for PBXProject "YRPwdField" */;
			compatibilityVersion = "Xcode 3.2";
			developmentRegion = English;
			hasScannedForEncodings = 0;
			knownRegions = (
				en,
				Base,
			);
			mainGroup = 2FDB3E2D1F77DF13006FFCA8;
			productRefGroup = 2FDB3E371F77DF13006FFCA8 /* Products */;
			projectDirPath = "";
			projectRoot = "";
			targets = (
				2FDB3E351F77DF13006FFCA8 /* YRPwdField */,
			);
		};
/* End PBXProject section */

/* Begin PBXResourcesBuildPhase section */
		2FDB3E341F77DF13006FFCA8 /* Resources */ = {
			isa = PBXResourcesBuildPhase;
			buildActionMask = 2147483647;
			files = (
				2FDB3E491F77DF13006FFCA8 /* LaunchScreen.storyboard in Resources */,
				2FDB3E461F77DF13006FFCA8 /* Assets.xcassets in Resources */,
				2FDB3E441F77DF13006FFCA8 /* Main.storyboard in Resources */,
			);
			runOnlyForDeploymentPostprocessing = 0;
		};
/* End PBXResourcesBuildPhase section */

/* Begin PBXSourcesBuildPhase section */
		2FDB3E321F77DF13006FFCA8 /* Sources */ = {
			isa = PBXSourcesBuildPhase;
			buildActionMask = 2147483647;
			files = (
				2FDB3E591F77DFC7006FFCA8 /* UIView+Extension.m in Sources */,
				2FDB3E561F77DF2B006FFCA8 /* UIImage+pwdField.m in Sources */,
				2FDB3E411F77DF13006FFCA8 /* ViewController.m in Sources */,
				2FDB3E551F77DF2B006FFCA8 /* GHPwdField.m in Sources */,
				2FDB3E3E1F77DF13006FFCA8 /* AppDelegate.m in Sources */,
				2FDB3E3B1F77DF13006FFCA8 /* main.m in Sources */,
			);
			runOnlyForDeploymentPostprocessing = 0;
		};
/* End PBXSourcesBuildPhase section */

/* Begin PBXVariantGroup section */
		2FDB3E421F77DF13006FFCA8 /* Main.storyboard */ = {
			isa = PBXVariantGroup;
			children = (
				2FDB3E431F77DF13006FFCA8 /* Base */,
			);
			name = Main.storyboard;
			sourceTree = "<group>";
		};
		2FDB3E471F77DF13006FFCA8 /* LaunchScreen.storyboard */ = {
			isa = PBXVariantGroup;
			children = (
				2FDB3E481F77DF13006FFCA8 /* Base */,
			);
			name = LaunchScreen.storyboard;
			sourceTree = "<group>";
		};
/* End PBXVariantGroup section */

/* Begin XCBuildConfiguration section */
		2FDB3E4B1F77DF13006FFCA8 /* Debug */ = {
			isa = XCBuildConfiguration;
			buildSettings = {
				ALWAYS_SEARCH_USER_PATHS = NO;
				CLANG_ANALYZER_NONNULL = YES;
				CLANG_ANALYZER_NUMBER_OBJECT_CONVERSION = YES_AGGRESSIVE;
				CLANG_CXX_LANGUAGE_STANDARD = "gnu++0x";
				CLANG_CXX_LIBRARY = "libc++";
				CLANG_ENABLE_MODULES = YES;
				CLANG_ENABLE_OBJC_ARC = YES;
				CLANG_WARN_BOOL_CONVERSION = YES;
				CLANG_WARN_CONSTANT_CONVERSION = YES;
				CLANG_WARN_DIRECT_OBJC_ISA_USAGE = YES_ERROR;
				CLANG_WARN_DOCUMENTATION_COMMENTS = YES;
				CLANG_WARN_EMPTY_BODY = YES;
				CLANG_WARN_ENUM_CONVERSION = YES;
				CLANG_WARN_INFINITE_RECURSION = YES;
				CLANG_WARN_INT_CONVERSION = YES;
				CLANG_WARN_OBJC_ROOT_CLASS = YES_ERROR;
				CLANG_WARN_SUSPICIOUS_MOVE = YES;
				CLANG_WARN_UNREACHABLE_CODE = YES;
				CLANG_WARN__DUPLICATE_METHOD_MATCH = YES;
				"CODE_SIGN_IDENTITY[sdk=iphoneos*]" = "iPhone Developer";
				COPY_PHASE_STRIP = NO;
				DEBUG_INFORMATION_FORMAT = dwarf;
				ENABLE_STRICT_OBJC_MSGSEND = YES;
				ENABLE_TESTABILITY = YES;
				GCC_C_LANGUAGE_STANDARD = gnu99;
				GCC_DYNAMIC_NO_PIC = NO;
				GCC_NO_COMMON_BLOCKS = YES;
				GCC_OPTIMIZATION_LEVEL = 0;
				GCC_PREPROCESSOR_DEFINITIONS = (
					"DEBUG=1",
					"$(inherited)",
				);
				GCC_WARN_64_TO_32_BIT_CONVERSION = YES;
				GCC_WARN_ABOUT_RETURN_TYPE = YES_ERROR;
				GCC_WARN_UNDECLARED_SELECTOR = YES;
				GCC_WARN_UNINITIALIZED_AUTOS = YES_AGGRESSIVE;
				GCC_WARN_UNUSED_FUNCTION = YES;
				GCC_WARN_UNUSED_VARIABLE = YES;
				IPHONEOS_DEPLOYMENT_TARGET = 10.3;
				MTL_ENABLE_DEBUG_INFO = YES;
				ONLY_ACTIVE_ARCH = YES;
				SDKROOT = iphoneos;
			};
			name = Debug;
		};
		2FDB3E4C1F77DF13006FFCA8 /* Release */ = {
			isa = XCBuildConfiguration;
			buildSettings = {
				ALWAYS_SEARCH_USER_PATHS = NO;
				CLANG_ANALYZER_NONNULL = YES;
				CLANG_ANALYZER_NUMBER_OBJECT_CONVERSION = YES_AGGRESSIVE;
				CLANG_CXX_LANGUAGE_STANDARD = "gnu++0x";
				CLANG_CXX_LIBRARY = "libc++";
				CLANG_ENABLE_MODULES = YES;
				CLANG_ENABLE_OBJC_ARC = YES;
				CLANG_WARN_BOOL_CONVERSION = YES;
				CLANG_WARN_CONSTANT_CONVERSION = YES;
				CLANG_WARN_DIRECT_OBJC_ISA_USAGE = YES_ERROR;
				CLANG_WARN_DOCUMENTATION_COMMENTS = YES;
				CLANG_WARN_EMPTY_BODY = YES;
				CLANG_WARN_ENUM_CONVERSION = YES;
				CLANG_WARN_INFINITE_RECURSION = YES;
				CLANG_WARN_INT_CONVERSION = YES;
				CLANG_WARN_OBJC_ROOT_CLASS = YES_ERROR;
				CLANG_WARN_SUSPICIOUS_MOVE = YES;
				CLANG_WARN_UNREACHABLE_CODE = YES;
				CLANG_WARN__DUPLICATE_METHOD_MATCH = YES;
				"CODE_SIGN_IDENTITY[sdk=iphoneos*]" = "iPhone Developer";
				COPY_PHASE_STRIP = NO;
				DEBUG_INFORMATION_FORMAT = "dwarf-with-dsym";
				ENABLE_NS_ASSERTIONS = NO;
				ENABLE_STRICT_OBJC_MSGSEND = YES;
				GCC_C_LANGUAGE_STANDARD = gnu99;
				GCC_NO_COMMON_BLOCKS = YES;
				GCC_WARN_64_TO_32_BIT_CONVERSION = YES;
				GCC_WARN_ABOUT_RETURN_TYPE = YES_ERROR;
				GCC_WARN_UNDECLARED_SELECTOR = YES;
				GCC_WARN_UNINITIALIZED_AUTOS = YES_AGGRESSIVE;
				GCC_WARN_UNUSED_FUNCTION = YES;
				GCC_WARN_UNUSED_VARIABLE = YES;
				IPHONEOS_DEPLOYMENT_TARGET = 10.3;
				MTL_ENABLE_DEBUG_INFO = NO;
				SDKROOT = iphoneos;
				VALIDATE_PRODUCT = YES;
			};
			name = Release;
		};
		2FDB3E4E1F77DF13006FFCA8 /* Debug */ = {
			isa = XCBuildConfiguration;
			buildSettings = {
				ASSETCATALOG_COMPILER_APPICON_NAME = AppIcon;
				INFOPLIST_FILE = YRPwdField/Info.plist;
				LD_RUNPATH_SEARCH_PATHS = "$(inherited) @executable_path/Frameworks";
				PRODUCT_BUNDLE_IDENTIFIER = yr.YRPwdField;
				PRODUCT_NAME = "$(TARGET_NAME)";
			};
			name = Debug;
		};
		2FDB3E4F1F77DF13006FFCA8 /* Release */ = {
			isa = XCBuildConfiguration;
			buildSettings = {
				ASSETCATALOG_COMPILER_APPICON_NAME = AppIcon;
				INFOPLIST_FILE = YRPwdField/Info.plist;
				LD_RUNPATH_SEARCH_PATHS = "$(inherited) @executable_path/Frameworks";
				PRODUCT_BUNDLE_IDENTIFIER = yr.YRPwdField;
				PRODUCT_NAME = "$(TARGET_NAME)";
			};
			name = Release;
		};
/* End XCBuildConfiguration section */

/* Begin XCConfigurationList section */
		2FDB3E311F77DF13006FFCA8 /* Build configuration list for PBXProject "YRPwdField" */ = {
			isa = XCConfigurationList;
			buildConfigurations = (
				2FDB3E4B1F77DF13006FFCA8 /* Debug */,
				2FDB3E4C1F77DF13006FFCA8 /* Release */,
			);
			defaultConfigurationIsVisible = 0;
			defaultConfigurationName = Release;
		};
		2FDB3E4D1F77DF13006FFCA8 /* Build configuration list for PBXNativeTarget "YRPwdField" */ = {
			isa = XCConfigurationList;
			buildConfigurations = (
				2FDB3E4E1F77DF13006FFCA8 /* Debug */,
				2FDB3E4F1F77DF13006FFCA8 /* Release */,
			);
			defaultConfigurationIsVisible = 0;
		};
/* End XCConfigurationList section */
	};
	rootObject = 2FDB3E2E1F77DF13006FFCA8 /* Project object */;
}
